{
  "nodes": {
    "nixpkgs": {
      "locked": {
        "lastModified": 1701362232,
        "narHash": "sha256-GVdzxL0lhEadqs3hfRLuj+L1OJFGiL/L7gCcelgBlsw=",
        "owner": "nixos",
        "repo": "nixpkgs",
        "rev": "d2332963662edffacfddfad59ff4f709dde80ffe",
        "type": "github"
      },
      "original": {
        "owner": "nixos",
        "ref": "nixos-23.05",
        "repo": "nixpkgs",
        "type": "github"
      }
    },
    "root": {
      "inputs": {
        "nixpkgs": "nixpkgs"
      }
    }
  },
  "root": "root",
  "version": 7
}
